
Microsoft Visual Studio Solution File, Format Version 12.00
# Visual Studio Version 17
VisualStudioVersion = 17.9.34728.170
MinimumVisualStudioVersion = 10.0.40219.1
Project("{FAE04EC0-301F-11D3-BF4B-00C04F79EFBC}") = "SmartWatch4G.Domain", "src\SmartWatch4G.Domain\SmartWatch4G.Domain.csproj", "{D0001001-0001-0001-0001-000000000001}"
EndProject
Project("{FAE04EC0-301F-11D3-BF4B-00C04F79EFBC}") = "SmartWatch4G.Application", "src\SmartWatch4G.Application\SmartWatch4G.Application.csproj", "{D0001001-0001-0001-0001-000000000002}"
EndProject
Project("{FAE04EC0-301F-11D3-BF4B-00C04F79EFBC}") = "SmartWatch4G.Infrastructure", "src\SmartWatch4G.Infrastructure\SmartWatch4G.Infrastructure.csproj", "{D0001001-0001-0001-0001-000000000003}"
EndProject
Project("{FAE04EC0-301F-11D3-BF4B-00C04F79EFBC}") = "SmartWatch4G.Api", "src\SmartWatch4G.Api\SmartWatch4G.Api.csproj", "{D0001001-0001-0001-0001-000000000004}"
EndProject
Project("{2150E333-8FDC-42A3-9474-1A3956D46DE8}") = "tests", "tests", "{0AB3BF05-4346-4AA6-1389-037BE0695223}"
EndProject
Project("{FAE04EC0-301F-11D3-BF4B-00C04F79EFBC}") = "SmartWatch4G.UnitTests", "tests\SmartWatch4G.UnitTests\SmartWatch4G.UnitTests.csproj", "{2DEA76F0-649F-4653-A1A5-210B0A533D55}"
EndProject
Project("{2150E333-8FDC-42A3-9474-1A3956D46DE8}") = "src", "src", "{827E0CD3-B72D-47B6-A68D-7590B98EB39B}"
EndProject
Project("{FAE04EC0-301F-11D3-BF4B-00C04F79EFBC}") = "SmartWatch4G.FunctionalTests", "tests\SmartWatch4G.FunctionalTests\SmartWatch4G.FunctionalTests.csproj", "{16DB3E94-2DBB-474F-84AD-58480387AAA3}"
EndProject
Global
	GlobalSection(SolutionConfigurationPlatforms) = preSolution
		Debug|Any CPU = Debug|Any CPU
		Debug|x64 = Debug|x64
		Debug|x86 = Debug|x86
		Release|Any CPU = Release|Any CPU
		Release|x64 = Release|x64
		Release|x86 = Release|x86
	EndGlobalSection
	GlobalSection(ProjectConfigurationPlatforms) = postSolution
		{D0001001-0001-0001-0001-000000000001}.Debug|Any CPU.ActiveCfg = Debug|Any CPU
		{D0001001-0001-0001-0001-000000000001}.Debug|Any CPU.Build.0 = Debug|Any CPU
		{D0001001-0001-0001-0001-000000000001}.Debug|x64.ActiveCfg = Debug|Any CPU
		{D0001001-0001-0001-0001-000000000001}.Debug|x64.Build.0 = Debug|Any CPU
		{D0001001-0001-0001-0001-000000000001}.Debug|x86.ActiveCfg = Debug|Any CPU
		{D0001001-0001-0001-0001-000000000001}.Debug|x86.Build.0 = Debug|Any CPU
		{D0001001-0001-0001-0001-000000000001}.Release|Any CPU.ActiveCfg = Release|Any CPU
		{D0001001-0001-0001-0001-000000000001}.Release|Any CPU.Build.0 = Release|Any CPU
		{D0001001-0001-0001-0001-000000000001}.Release|x64.ActiveCfg = Release|Any CPU
		{D0001001-0001-0001-0001-000000000001}.Release|x64.Build.0 = Release|Any CPU
		{D0001001-0001-0001-0001-000000000001}.Release|x86.ActiveCfg = Release|Any CPU
		{D0001001-0001-0001-0001-000000000001}.Release|x86.Build.0 = Release|Any CPU
		{D0001001-0001-0001-0001-000000000002}.Debug|Any CPU.ActiveCfg = Debug|Any CPU
		{D0001001-0001-0001-0001-000000000002}.Debug|Any CPU.Build.0 = Debug|Any CPU
		{D0001001-0001-0001-0001-000000000002}.Debug|x64.ActiveCfg = Debug|Any CPU
		{D0001001-0001-0001-0001-000000000002}.Debug|x64.Build.0 = Debug|Any CPU
		{D0001001-0001-0001-0001-000000000002}.Debug|x86.ActiveCfg = Debug|Any CPU
		{D0001001-0001-0001-0001-000000000002}.Debug|x86.Build.0 = Debug|Any CPU
		{D0001001-0001-0001-0001-000000000002}.Release|Any CPU.ActiveCfg = Release|Any CPU
		{D0001001-0001-0001-0001-000000000002}.Release|Any CPU.Build.0 = Release|Any CPU
		{D0001001-0001-0001-0001-000000000002}.Release|x64.ActiveCfg = Release|Any CPU
		{D0001001-0001-0001-0001-000000000002}.Release|x64.Build.0 = Release|Any CPU
		{D0001001-0001-0001-0001-000000000002}.Release|x86.ActiveCfg = Release|Any CPU
		{D0001001-0001-0001-0001-000000000002}.Release|x86.Build.0 = Release|Any CPU
		{D0001001-0001-0001-0001-000000000003}.Debug|Any CPU.ActiveCfg = Debug|Any CPU
		{D0001001-0001-0001-0001-000000000003}.Debug|Any CPU.Build.0 = Debug|Any CPU
		{D0001001-0001-0001-0001-000000000003}.Debug|x64.ActiveCfg = Debug|Any CPU
		{D0001001-0001-0001-0001-000000000003}.Debug|x64.Build.0 = Debug|Any CPU
		{D0001001-0001-0001-0001-000000000003}.Debug|x86.ActiveCfg = Debug|Any CPU
		{D0001001-0001-0001-0001-000000000003}.Debug|x86.Build.0 = Debug|Any CPU
		{D0001001-0001-0001-0001-000000000003}.Release|Any CPU.ActiveCfg = Release|Any CPU
		{D0001001-0001-0001-0001-000000000003}.Release|Any CPU.Build.0 = Release|Any CPU
		{D0001001-0001-0001-0001-000000000003}.Release|x64.ActiveCfg = Release|Any CPU
		{D0001001-0001-0001-0001-000000000003}.Release|x64.Build.0 = Release|Any CPU
		{D0001001-0001-0001-0001-000000000003}.Release|x86.ActiveCfg = Release|Any CPU
		{D0001001-0001-0001-0001-000000000003}.Release|x86.Build.0 = Release|Any CPU
		{D0001001-0001-0001-0001-000000000004}.Debug|Any CPU.ActiveCfg = Debug|Any CPU
		{D0001001-0001-0001-0001-000000000004}.Debug|Any CPU.Build.0 = Debug|Any CPU
		{D0001001-0001-0001-0001-000000000004}.Debug|x64.ActiveCfg = Debug|Any CPU
		{D0001001-0001-0001-0001-000000000004}.Debug|x64.Build.0 = Debug|Any CPU
		{D0001001-0001-0001-0001-000000000004}.Debug|x86.ActiveCfg = Debug|Any CPU
		{D0001001-0001-0001-0001-000000000004}.Debug|x86.Build.0 = Debug|Any CPU
		{D0001001-0001-0001-0001-000000000004}.Release|Any CPU.ActiveCfg = Release|Any CPU
		{D0001001-0001-0001-0001-000000000004}.Release|Any CPU.Build.0 = Release|Any CPU
		{D0001001-0001-0001-0001-000000000004}.Release|x64.ActiveCfg = Release|Any CPU
		{D0001001-0001-0001-0001-000000000004}.Release|x64.Build.0 = Release|Any CPU
		{D0001001-0001-0001-0001-000000000004}.Release|x86.ActiveCfg = Release|Any CPU
		{D0001001-0001-0001-0001-000000000004}.Release|x86.Build.0 = Release|Any CPU
		{2DEA76F0-649F-4653-A1A5-210B0A533D55}.Debug|Any CPU.ActiveCfg = Debug|Any CPU
		{2DEA76F0-649F-4653-A1A5-210B0A533D55}.Debug|Any CPU.Build.0 = Debug|Any CPU
		{2DEA76F0-649F-4653-A1A5-210B0A533D55}.Debug|x64.ActiveCfg = Debug|Any CPU
		{2DEA76F0-649F-4653-A1A5-210B0A533D55}.Debug|x64.Build.0 = Debug|Any CPU
		{2DEA76F0-649F-4653-A1A5-210B0A533D55}.Debug|x86.ActiveCfg = Debug|Any CPU
		{2DEA76F0-649F-4653-A1A5-210B0A533D55}.Debug|x86.Build.0 = Debug|Any CPU
		{2DEA76F0-649F-4653-A1A5-210B0A533D55}.Release|Any CPU.ActiveCfg = Release|Any CPU
		{2DEA76F0-649F-4653-A1A5-210B0A533D55}.Release|Any CPU.Build.0 = Release|Any CPU
		{2DEA76F0-649F-4653-A1A5-210B0A533D55}.Release|x64.ActiveCfg = Release|Any CPU
		{2DEA76F0-649F-4653-A1A5-210B0A533D55}.Release|x64.Build.0 = Release|Any CPU
		{2DEA76F0-649F-4653-A1A5-210B0A533D55}.Release|x86.ActiveCfg = Release|Any CPU
		{2DEA76F0-649F-4653-A1A5-210B0A533D55}.Release|x86.Build.0 = Release|Any CPU
		{16DB3E94-2DBB-474F-84AD-58480387AAA3}.Debug|Any CPU.ActiveCfg = Debug|Any CPU
		{16DB3E94-2DBB-474F-84AD-58480387AAA3}.Debug|Any CPU.Build.0 = Debug|Any CPU
		{16DB3E94-2DBB-474F-84AD-58480387AAA3}.Debug|x64.ActiveCfg = Debug|Any CPU
		{16DB3E94-2DBB-474F-84AD-58480387AAA3}.Debug|x64.Build.0 = Debug|Any CPU
		{16DB3E94-2DBB-474F-84AD-58480387AAA3}.Debug|x86.ActiveCfg = Debug|Any CPU
		{16DB3E94-2DBB-474F-84AD-58480387AAA3}.Debug|x86.Build.0 = Debug|Any CPU
		{16DB3E94-2DBB-474F-84AD-58480387AAA3}.Release|Any CPU.ActiveCfg = Release|Any CPU
		{16DB3E94-2DBB-474F-84AD-58480387AAA3}.Release|Any CPU.Build.0 = Release|Any CPU
		{16DB3E94-2DBB-474F-84AD-58480387AAA3}.Release|x64.ActiveCfg = Release|Any CPU
		{16DB3E94-2DBB-474F-84AD-58480387AAA3}.Release|x64.Build.0 = Release|Any CPU
		{16DB3E94-2DBB-474F-84AD-58480387AAA3}.Release|x86.ActiveCfg = Release|Any CPU
		{16DB3E94-2DBB-474F-84AD-58480387AAA3}.Release|x86.Build.0 = Release|Any CPU
	EndGlobalSection
	GlobalSection(SolutionProperties) = preSolution
		HideSolutionNode = FALSE
	EndGlobalSection
	GlobalSection(NestedProjects) = preSolution
		{2DEA76F0-649F-4653-A1A5-210B0A533D55} = {0AB3BF05-4346-4AA6-1389-037BE0695223}
		{16DB3E94-2DBB-474F-84AD-58480387AAA3} = {0AB3BF05-4346-4AA6-1389-037BE0695223}
	EndGlobalSection
EndGlobal
